# This file is automatically @generated by Cargo.
# It is not intended for manual editing.
version = 4

[[package]]
name = "alfdf-ast"
version = "0.1.0"

[[package]]
name = "alfdf-dedup"
version = "0.1.0"

[[package]]
name = "alfdf-embed"
version = "0.1.0"

[[package]]
name = "alfdf-fuzz"
version = "0.1.0"

[[package]]
name = "alfdf-mcp"
version = "0.1.0"

[[package]]
name = "alfdf-metrics"
version = "0.1.0"

[[package]]
name = "alfdf-parser"
version = "0.1.0"

[[package]]
name = "alfdf-pipeline"
version = "0.1.0"

[[package]]
name = "alfdf-stdlib"
version = "0.1.0"

[[package]]
name = "alfdf-storage"
version = "0.1.0"

[[package]]
name = "alfdf-synthesize"
version = "0.1.0"

[[package]]
name = "alfdf-totality"
version = "0.1.0"

[[package]]
name = "alfdf-typeck"
version = "0.1.0"

[[package]]
name = "alfdf-vm"
version = "0.1.0"
